
Microsoft Visual Studio Solution File, Format Version 12.00
# Visual Studio 15
VisualStudioVersion = 15.0.28307.421
MinimumVisualStudioVersion = 10.0.40219.1
Project("{FAE04EC0-301F-11D3-BF4B-00C04F79EFBC}") = "HabitatWeb", "HabitatWeb\HabitatWeb.csproj", "{D6912159-4461-425A-A359-1BAFC6987F31}"
EndProject
Global
	GlobalSection(SolutionConfigurationPlatforms) = preSolution
		Debug|Any CPU = Debug|Any CPU
		Release|Any CPU = Release|Any CPU
	EndGlobalSection
	GlobalSection(ProjectConfigurationPlatforms) = postSolution
		{D6912159-4461-425A-A359-1BAFC6987F31}.Debug|Any CPU.ActiveCfg = Debug|Any CPU
		{D6912159-4461-425A-A359-1BAFC6987F31}.Debug|Any CPU.Build.0 = Debug|Any CPU
		{D6912159-4461-425A-A359-1BAFC6987F31}.Release|Any CPU.ActiveCfg = Release|Any CPU
		{D6912159-4461-425A-A359-1BAFC6987F31}.Release|Any CPU.Build.0 = Release|Any CPU
	EndGlobalSection
	GlobalSection(SolutionProperties) = preSolution
		HideSolutionNode = FALSE
	EndGlobalSection
	GlobalSection(ExtensibilityGlobals) = postSolution
		SolutionGuid = {E1D05843-593A-4C38-AB8F-F81713595CC0}
	EndGlobalSection
EndGlobal
